
Microsoft Visual Studio Solution File, Format Version 12.00
# Visual Studio Version 17
VisualStudioVersion = 17.12.35707.178
MinimumVisualStudioVersion = 10.0.40219.1
Project("{FAE04EC0-301F-11D3-BF4B-00C04F79EFBC}") = "Exam1", "Exam1\Exam1.csproj", "{B31DE40F-20C7-4ECF-9E1D-09896C2447D3}"
EndProject
Project("{FAE04EC0-301F-11D3-BF4B-00C04F79EFBC}") = "Froantend", "Froantend\Froantend.csproj", "{631A50A2-8FA6-4007-8856-71772CB74F8E}"
EndProject
Global
	GlobalSection(SolutionConfigurationPlatforms) = preSolution
		Debug|Any CPU = Debug|Any CPU
		Release|Any CPU = Release|Any CPU
	EndGlobalSection
	GlobalSection(ProjectConfigurationPlatforms) = postSolution
		{B31DE40F-20C7-4ECF-9E1D-09896C2447D3}.Debug|Any CPU.ActiveCfg = Debug|Any CPU
		{B31DE40F-20C7-4ECF-9E1D-09896C2447D3}.Debug|Any CPU.Build.0 = Debug|Any CPU
		{B31DE40F-20C7-4ECF-9E1D-09896C2447D3}.Release|Any CPU.ActiveCfg = Release|Any CPU
		{B31DE40F-20C7-4ECF-9E1D-09896C2447D3}.Release|Any CPU.Build.0 = Release|Any CPU
		{631A50A2-8FA6-4007-8856-71772CB74F8E}.Debug|Any CPU.ActiveCfg = Debug|Any CPU
		{631A50A2-8FA6-4007-8856-71772CB74F8E}.Debug|Any CPU.Build.0 = Debug|Any CPU
		{631A50A2-8FA6-4007-8856-71772CB74F8E}.Release|Any CPU.ActiveCfg = Release|Any CPU
		{631A50A2-8FA6-4007-8856-71772CB74F8E}.Release|Any CPU.Build.0 = Release|Any CPU
	EndGlobalSection
	GlobalSection(SolutionProperties) = preSolution
		HideSolutionNode = FALSE
	EndGlobalSection
EndGlobal
